// !$*UTF8*$!
{
	archiveVersion = 1;
	classes = {
	};
	objectVersion = 56;
	objects = {

/* Begin PBXBuildFile section */
		030B3C462BA8B80B003E7B8C /* AppDelegate.swift in Sources */ = {isa = PBXBuildFile; fileRef = 030B3C452BA8B80B003E7B8C /* AppDelegate.swift */; };
		030B3C482BA8B80B003E7B8C /* SceneDelegate.swift in Sources */ = {isa = PBXBuildFile; fileRef = 030B3C472BA8B80B003E7B8C /* SceneDelegate.swift */; };
		030B3C4A2BA8B80B003E7B8C /* ViewController.swift in Sources */ = {isa = PBXBuildFile; fileRef = 030B3C492BA8B80B003E7B8C /* ViewController.swift */; };
		030B3C4D2BA8B80B003E7B8C /* Main.storyboard in Resources */ = {isa = PBXBuildFile; fileRef = 030B3C4B2BA8B80B003E7B8C /* Main.storyboard */; };
		030B3C4F2BA8B80C003E7B8C /* Assets.xcassets in Resources */ = {isa = PBXBuildFile; fileRef = 030B3C4E2BA8B80C003E7B8C /* Assets.xcassets */; };
		030B3C522BA8B80C003E7B8C /* LaunchScreen.storyboard in Resources */ = {isa = PBXBuildFile; fileRef = 030B3C502BA8B80C003E7B8C /* LaunchScreen.storyboard */; };
		030B3C5C2BA8C05E003E7B8C /* HomeViewController.swift in Sources */ = {isa = PBXBuildFile; fileRef = 030B3C5B2BA8C05E003E7B8C /* HomeViewController.swift */; };
/* End PBXBuildFile section */

/* Begin PBXFileReference section */
		030B3C422BA8B80B003E7B8C /* ProtocolsSwiftProj.app */ = {isa = PBXFileReference; explicitFileType = wrapper.application; includeInIndex = 0; path = ProtocolsSwiftProj.app; sourceTree = BUILT_PRODUCTS_DIR; };
		030B3C452BA8B80B003E7B8C /* AppDelegate.swift */ = {isa = PBXFileReference; lastKnownFileType = sourcecode.swift; path = AppDelegate.swift; sourceTree = "<group>"; };
		030B3C472BA8B80B003E7B8C /* SceneDelegate.swift */ = {isa = PBXFileReference; lastKnownFileType = sourcecode.swift; path = SceneDelegate.swift; sourceTree = "<group>"; };
		030B3C492BA8B80B003E7B8C /* ViewController.swift */ = {isa = PBXFileReference; lastKnownFileType = sourcecode.swift; path = ViewController.swift; sourceTree = "<group>"; };
		030B3C4C2BA8B80B003E7B8C /* Base */ = {isa = PBXFileReference; lastKnownFileType = file.storyboard; name = Base; path = Base.lproj/Main.storyboard; sourceTree = "<group>"; };
		030B3C4E2BA8B80C003E7B8C /* Assets.xcassets */ = {isa = PBXFileReference; lastKnownFileType = folder.assetcatalog; path = Assets.xcassets; sourceTree = "<group>"; };
		030B3C512BA8B80C003E7B8C /* Base */ = {isa = PBXFileReference; lastKnownFileType = file.storyboard; name = Base; path = Base.lproj/LaunchScreen.storyboard; sourceTree = "<group>"; };
		030B3C532BA8B80C003E7B8C /* Info.plist */ = {isa = PBXFileReference; lastKnownFileType = text.plist.xml; path = Info.plist; sourceTree = "<group>"; };
		030B3C5B2BA8C05E003E7B8C /* HomeViewController.swift */ = {isa = PBXFileReference; lastKnownFileType = sourcecode.swift; path = HomeViewController.swift; sourceTree = "<group>"; };
/* End PBXFileReference section */

/* Begin PBXFrameworksBuildPhase section */
		030B3C3F2BA8B80B003E7B8C /* Frameworks */ = {
			isa = PBXFrameworksBuildPhase;
			buildActionMask = 2147483647;
			files = (
			);
			runOnlyForDeploymentPostprocessing = 0;
		};
/* End PBXFrameworksBuildPhase section */

/* Begin PBXGroup section */
		030B3C392BA8B80B003E7B8C = {
			isa = PBXGroup;
			children = (
				030B3C442BA8B80B003E7B8C /* ProtocolsSwiftProj */,
				030B3C432BA8B80B003E7B8C /* Products */,
			);
			sourceTree = "<group>";
		};
		030B3C432BA8B80B003E7B8C /* Products */ = {
			isa = PBXGroup;
			children = (
				030B3C422BA8B80B003E7B8C /* ProtocolsSwiftProj.app */,
			);
			name = Products;
			sourceTree = "<group>";
		};
		030B3C442BA8B80B003E7B8C /* ProtocolsSwiftProj */ = {
			isa = PBXGroup;
			children = (
				030B3C452BA8B80B003E7B8C /* AppDelegate.swift */,
				030B3C472BA8B80B003E7B8C /* SceneDelegate.swift */,
				030B3C492BA8B80B003E7B8C /* ViewController.swift */,
				030B3C5B2BA8C05E003E7B8C /* HomeViewController.swift */,
				030B3C4B2BA8B80B003E7B8C /* Main.storyboard */,
				030B3C4E2BA8B80C003E7B8C /* Assets.xcassets */,
				030B3C502BA8B80C003E7B8C /* LaunchScreen.storyboard */,
				030B3C532BA8B80C003E7B8C /* Info.plist */,
			);
			path = ProtocolsSwiftProj;
			sourceTree = "<group>";
		};
/* End PBXGroup section */

/* Begin PBXNativeTarget section */
		030B3C412BA8B80B003E7B8C /* ProtocolsSwiftProj */ = {
			isa = PBXNativeTarget;
			buildConfigurationList = 030B3C562BA8B80C003E7B8C /* Build configuration list for PBXNativeTarget "ProtocolsSwiftProj" */;
			buildPhases = (
				030B3C3E2BA8B80B003E7B8C /* Sources */,
				030B3C3F2BA8B80B003E7B8C /* Frameworks */,
				030B3C402BA8B80B003E7B8C /* Resources */,
			);
			buildRules = (
			);
			dependencies = (
			);
			name = ProtocolsSwiftProj;
			productName = ProtocolsSwiftProj;
			productReference = 030B3C422BA8B80B003E7B8C /* ProtocolsSwiftProj.app */;
			productType = "com.apple.product-type.application";
		};
/* End PBXNativeTarget section */

/* Begin PBXProject section */
		030B3C3A2BA8B80B003E7B8C /* Project object */ = {
			isa = PBXProject;
			attributes = {
				BuildIndependentTargetsInParallel = 1;
				LastSwiftUpdateCheck = 1500;
				LastUpgradeCheck = 1500;
				TargetAttributes = {
					030B3C412BA8B80B003E7B8C = {
						CreatedOnToolsVersion = 15.0;
					};
				};
			};
			buildConfigurationList = 030B3C3D2BA8B80B003E7B8C /* Build configuration list for PBXProject "ProtocolsSwiftProj" */;
			compatibilityVersion = "Xcode 14.0";
			developmentRegion = en;
			hasScannedForEncodings = 0;
			knownRegions = (
				en,
				Base,
			);
			mainGroup = 030B3C392BA8B80B003E7B8C;
			productRefGroup = 030B3C432BA8B80B003E7B8C /* Products */;
			projectDirPath = "";
			projectRoot = "";
			targets = (
				030B3C412BA8B80B003E7B8C /* ProtocolsSwiftProj */,
			);
		};
/* End PBXProject section */

/* Begin PBXResourcesBuildPhase section */
		030B3C402BA8B80B003E7B8C /* Resources */ = {
			isa = PBXResourcesBuildPhase;
			buildActionMask = 2147483647;
			files = (
				030B3C522BA8B80C003E7B8C /* LaunchScreen.storyboard in Resources */,
				030B3C4F2BA8B80C003E7B8C /* Assets.xcassets in Resources */,
				030B3C4D2BA8B80B003E7B8C /* Main.storyboard in Resources */,
			);
			runOnlyForDeploymentPostprocessing = 0;
		};
/* End PBXResourcesBuildPhase section */

/* Begin PBXSourcesBuildPhase section */
		030B3C3E2BA8B80B003E7B8C /* Sources */ = {
			isa = PBXSourcesBuildPhase;
			buildActionMask = 2147483647;
			files = (
				030B3C4A2BA8B80B003E7B8C /* ViewController.swift in Sources */,
				030B3C462BA8B80B003E7B8C /* AppDelegate.swift in Sources */,
				030B3C482BA8B80B003E7B8C /* SceneDelegate.swift in Sources */,
				030B3C5C2BA8C05E003E7B8C /* HomeViewController.swift in Sources */,
			);
			runOnlyForDeploymentPostprocessing = 0;
		};
/* End PBXSourcesBuildPhase section */

/* Begin PBXVariantGroup section */
		030B3C4B2BA8B80B003E7B8C /* Main.storyboard */ = {
			isa = PBXVariantGroup;
			children = (
				030B3C4C2BA8B80B003E7B8C /* Base */,
			);
			name = Main.storyboard;
			sourceTree = "<group>";
		};
		030B3C502BA8B80C003E7B8C /* LaunchScreen.storyboard */ = {
			isa = PBXVariantGroup;
			children = (
				030B3C512BA8B80C003E7B8C /* Base */,
			);
			name = LaunchScreen.storyboard;
			sourceTree = "<group>";
		};
/* End PBXVariantGroup section */

/* Begin XCBuildConfiguration section */
		030B3C542BA8B80C003E7B8C /* Debug */ = {
			isa = XCBuildConfiguration;
			buildSettings = {
				ALWAYS_SEARCH_USER_PATHS = NO;
				ASSETCATALOG_COMPILER_GENERATE_SWIFT_ASSET_SYMBOL_EXTENSIONS = YES;
				CLANG_ANALYZER_NONNULL = YES;
				CLANG_ANALYZER_NUMBER_OBJECT_CONVERSION = YES_AGGRESSIVE;
				CLANG_CXX_LANGUAGE_STANDARD = "gnu++20";
				CLANG_ENABLE_MODULES = YES;
				CLANG_ENABLE_OBJC_ARC = YES;
				CLANG_ENABLE_OBJC_WEAK = YES;
				CLANG_WARN_BLOCK_CAPTURE_AUTORELEASING = YES;
				CLANG_WARN_BOOL_CONVERSION = YES;
				CLANG_WARN_COMMA = YES;
				CLANG_WARN_CONSTANT_CONVERSION = YES;
				CLANG_WARN_DEPRECATED_OBJC_IMPLEMENTATIONS = YES;
				CLANG_WARN_DIRECT_OBJC_ISA_USAGE = YES_ERROR;
				CLANG_WARN_DOCUMENTATION_COMMENTS = YES;
				CLANG_WARN_EMPTY_BODY = YES;
				CLANG_WARN_ENUM_CONVERSION = YES;
				CLANG_WARN_INFINITE_RECURSION = YES;
				CLANG_WARN_INT_CONVERSION = YES;
				CLANG_WARN_NON_LITERAL_NULL_CONVERSION = YES;
				CLANG_WARN_OBJC_IMPLICIT_RETAIN_SELF = YES;
				CLANG_WARN_OBJC_LITERAL_CONVERSION = YES;
				CLANG_WARN_OBJC_ROOT_CLASS = YES_ERROR;
				CLANG_WARN_QUOTED_INCLUDE_IN_FRAMEWORK_HEADER = YES;
				CLANG_WARN_RANGE_LOOP_ANALYSIS = YES;
				CLANG_WARN_STRICT_PROTOTYPES = YES;
				CLANG_WARN_SUSPICIOUS_MOVE = YES;
				CLANG_WARN_UNGUARDED_AVAILABILITY = YES_AGGRESSIVE;
				CLANG_WARN_UNREACHABLE_CODE = YES;
				CLANG_WARN__DUPLICATE_METHOD_MATCH = YES;
				COPY_PHASE_STRIP = NO;
				DEBUG_INFORMATION_FORMAT = dwarf;
				ENABLE_STRICT_OBJC_MSGSEND = YES;
				ENABLE_TESTABILITY = YES;
				ENABLE_USER_SCRIPT_SANDBOXING = YES;
				GCC_C_LANGUAGE_STANDARD = gnu17;
				GCC_DYNAMIC_NO_PIC = NO;
				GCC_NO_COMMON_BLOCKS = YES;
				GCC_OPTIMIZATION_LEVEL = 0;
				GCC_PREPROCESSOR_DEFINITIONS = (
					"DEBUG=1",
					"$(inherited)",
				);
				GCC_WARN_64_TO_32_BIT_CONVERSION = YES;
				GCC_WARN_ABOUT_RETURN_TYPE = YES_ERROR;
				GCC_WARN_UNDECLARED_SELECTOR = YES;
				GCC_WARN_UNINITIALIZED_AUTOS = YES_AGGRESSIVE;
				GCC_WARN_UNUSED_FUNCTION = YES;
				GCC_WARN_UNUSED_VARIABLE = YES;
				IPHONEOS_DEPLOYMENT_TARGET = 17.0;
				LOCALIZATION_PREFERS_STRING_CATALOGS = YES;
				MTL_ENABLE_DEBUG_INFO = INCLUDE_SOURCE;
				MTL_FAST_MATH = YES;
				ONLY_ACTIVE_ARCH = YES;
				SDKROOT = iphoneos;
				SWIFT_ACTIVE_COMPILATION_CONDITIONS = "DEBUG $(inherited)";
				SWIFT_OPTIMIZATION_LEVEL = "-Onone";
			};
			name = Debug;
		};
		030B3C552BA8B80C003E7B8C /* Release */ = {
			isa = XCBuildConfiguration;
			buildSettings = {
				ALWAYS_SEARCH_USER_PATHS = NO;
				ASSETCATALOG_COMPILER_GENERATE_SWIFT_ASSET_SYMBOL_EXTENSIONS = YES;
				CLANG_ANALYZER_NONNULL = YES;
				CLANG_ANALYZER_NUMBER_OBJECT_CONVERSION = YES_AGGRESSIVE;
				CLANG_CXX_LANGUAGE_STANDARD = "gnu++20";
				CLANG_ENABLE_MODULES = YES;
				CLANG_ENABLE_OBJC_ARC = YES;
				CLANG_ENABLE_OBJC_WEAK = YES;
				CLANG_WARN_BLOCK_CAPTURE_AUTORELEASING = YES;
				CLANG_WARN_BOOL_CONVERSION = YES;
				CLANG_WARN_COMMA = YES;
				CLANG_WARN_CONSTANT_CONVERSION = YES;
				CLANG_WARN_DEPRECATED_OBJC_IMPLEMENTATIONS = YES;
				CLANG_WARN_DIRECT_OBJC_ISA_USAGE = YES_ERROR;
				CLANG_WARN_DOCUMENTATION_COMMENTS = YES;
				CLANG_WARN_EMPTY_BODY = YES;
				CLANG_WARN_ENUM_CONVERSION = YES;
				CLANG_WARN_INFINITE_RECURSION = YES;
				CLANG_WARN_INT_CONVERSION = YES;
				CLANG_WARN_NON_LITERAL_NULL_CONVERSION = YES;
				CLANG_WARN_OBJC_IMPLICIT_RETAIN_SELF = YES;
				CLANG_WARN_OBJC_LITERAL_CONVERSION = YES;
				CLANG_WARN_OBJC_ROOT_CLASS = YES_ERROR;
				CLANG_WARN_QUOTED_INCLUDE_IN_FRAMEWORK_HEADER = YES;
				CLANG_WARN_RANGE_LOOP_ANALYSIS = YES;
				CLANG_WARN_STRICT_PROTOTYPES = YES;
				CLANG_WARN_SUSPICIOUS_MOVE = YES;
				CLANG_WARN_UNGUARDED_AVAILABILITY = YES_AGGRESSIVE;
				CLANG_WARN_UNREACHABLE_CODE = YES;
				CLANG_WARN__DUPLICATE_METHOD_MATCH = YES;
				COPY_PHASE_STRIP = NO;
				DEBUG_INFORMATION_FORMAT = "dwarf-with-dsym";
				ENABLE_NS_ASSERTIONS = NO;
				ENABLE_STRICT_OBJC_MSGSEND = YES;
				ENABLE_USER_SCRIPT_SANDBOXING = YES;
				GCC_C_LANGUAGE_STANDARD = gnu17;
				GCC_NO_COMMON_BLOCKS = YES;
				GCC_WARN_64_TO_32_BIT_CONVERSION = YES;
				GCC_WARN_ABOUT_RETURN_TYPE = YES_ERROR;
				GCC_WARN_UNDECLARED_SELECTOR = YES;
				GCC_WARN_UNINITIALIZED_AUTOS = YES_AGGRESSIVE;
				GCC_WARN_UNUSED_FUNCTION = YES;
				GCC_WARN_UNUSED_VARIABLE = YES;
				IPHONEOS_DEPLOYMENT_TARGET = 17.0;
				LOCALIZATION_PREFERS_STRING_CATALOGS = YES;
				MTL_ENABLE_DEBUG_INFO = NO;
				MTL_FAST_MATH = YES;
				SDKROOT = iphoneos;
				SWIFT_COMPILATION_MODE = wholemodule;
				VALIDATE_PRODUCT = YES;
			};
			name = Release;
		};
		030B3C572BA8B80C003E7B8C /* Debug */ = {
			isa = XCBuildConfiguration;
			buildSettings = {
				ASSETCATALOG_COMPILER_APPICON_NAME = AppIcon;
				ASSETCATALOG_COMPILER_GLOBAL_ACCENT_COLOR_NAME = AccentColor;
				CODE_SIGN_STYLE = Automatic;
				CURRENT_PROJECT_VERSION = 1;
				DEVELOPMENT_TEAM = LG326N5GCW;
				GENERATE_INFOPLIST_FILE = YES;
				INFOPLIST_FILE = ProtocolsSwiftProj/Info.plist;
				INFOPLIST_KEY_UIApplicationSupportsIndirectInputEvents = YES;
				INFOPLIST_KEY_UILaunchStoryboardName = LaunchScreen;
				INFOPLIST_KEY_UIMainStoryboardFile = Main;
				INFOPLIST_KEY_UISupportedInterfaceOrientations_iPad = "UIInterfaceOrientationPortrait UIInterfaceOrientationPortraitUpsideDown UIInterfaceOrientationLandscapeLeft UIInterfaceOrientationLandscapeRight";
				INFOPLIST_KEY_UISupportedInterfaceOrientations_iPhone = "UIInterfaceOrientationPortrait UIInterfaceOrientationLandscapeLeft UIInterfaceOrientationLandscapeRight";
				LD_RUNPATH_SEARCH_PATHS = (
					"$(inherited)",
					"@executable_path/Frameworks",
				);
				MARKETING_VERSION = 1.0;
				PRODUCT_BUNDLE_IDENTIFIER = com.demo.ProtocolsSwiftProj;
				PRODUCT_NAME = "$(TARGET_NAME)";
				SWIFT_EMIT_LOC_STRINGS = YES;
				SWIFT_VERSION = 5.0;
				TARGETED_DEVICE_FAMILY = "1,2";
			};
			name = Debug;
		};
		030B3C582BA8B80C003E7B8C /* Release */ = {
			isa = XCBuildConfiguration;
			buildSettings = {
				ASSETCATALOG_COMPILER_APPICON_NAME = AppIcon;
				ASSETCATALOG_COMPILER_GLOBAL_ACCENT_COLOR_NAME = AccentColor;
				CODE_SIGN_STYLE = Automatic;
				CURRENT_PROJECT_VERSION = 1;
				DEVELOPMENT_TEAM = LG326N5GCW;
				GENERATE_INFOPLIST_FILE = YES;
				INFOPLIST_FILE = ProtocolsSwiftProj/Info.plist;
				INFOPLIST_KEY_UIApplicationSupportsIndirectInputEvents = YES;
				INFOPLIST_KEY_UILaunchStoryboardName = LaunchScreen;
				INFOPLIST_KEY_UIMainStoryboardFile = Main;
				INFOPLIST_KEY_UISupportedInterfaceOrientations_iPad = "UIInterfaceOrientationPortrait UIInterfaceOrientationPortraitUpsideDown UIInterfaceOrientationLandscapeLeft UIInterfaceOrientationLandscapeRight";
				INFOPLIST_KEY_UISupportedInterfaceOrientations_iPhone = "UIInterfaceOrientationPortrait UIInterfaceOrientationLandscapeLeft UIInterfaceOrientationLandscapeRight";
				LD_RUNPATH_SEARCH_PATHS = (
					"$(inherited)",
					"@executable_path/Frameworks",
				);
				MARKETING_VERSION = 1.0;
				PRODUCT_BUNDLE_IDENTIFIER = com.demo.ProtocolsSwiftProj;
				PRODUCT_NAME = "$(TARGET_NAME)";
				SWIFT_EMIT_LOC_STRINGS = YES;
				SWIFT_VERSION = 5.0;
				TARGETED_DEVICE_FAMILY = "1,2";
			};
			name = Release;
		};
/* End XCBuildConfiguration section */

/* Begin XCConfigurationList section */
		030B3C3D2BA8B80B003E7B8C /* Build configuration list for PBXProject "ProtocolsSwiftProj" */ = {
			isa = XCConfigurationList;
			buildConfigurations = (
				030B3C542BA8B80C003E7B8C /* Debug */,
				030B3C552BA8B80C003E7B8C /* Release */,
			);
			defaultConfigurationIsVisible = 0;
			defaultConfigurationName = Release;
		};
		030B3C562BA8B80C003E7B8C /* Build configuration list for PBXNativeTarget "ProtocolsSwiftProj" */ = {
			isa = XCConfigurationList;
			buildConfigurations = (
				030B3C572BA8B80C003E7B8C /* Debug */,
				030B3C582BA8B80C003E7B8C /* Release */,
			);
			defaultConfigurationIsVisible = 0;
			defaultConfigurationName = Release;
		};
/* End XCConfigurationList section */
	};
	rootObject = 030B3C3A2BA8B80B003E7B8C /* Project object */;
}
