// !$*UTF8*$!
{
	archiveVersion = 1;
	classes = {
	};
	objectVersion = 56;
	objects = {

/* Begin PBXBuildFile section */
		03186A712B83D58C0039F399 /* AppDelegate.swift in Sources */ = {isa = PBXBuildFile; fileRef = 03186A702B83D58C0039F399 /* AppDelegate.swift */; };
		03186A732B83D58C0039F399 /* SceneDelegate.swift in Sources */ = {isa = PBXBuildFile; fileRef = 03186A722B83D58C0039F399 /* SceneDelegate.swift */; };
		03186A752B83D58C0039F399 /* ViewController.swift in Sources */ = {isa = PBXBuildFile; fileRef = 03186A742B83D58C0039F399 /* ViewController.swift */; };
		03186A782B83D58C0039F399 /* Main.storyboard in Resources */ = {isa = PBXBuildFile; fileRef = 03186A762B83D58C0039F399 /* Main.storyboard */; };
		03186A7A2B83D58D0039F399 /* Assets.xcassets in Resources */ = {isa = PBXBuildFile; fileRef = 03186A792B83D58D0039F399 /* Assets.xcassets */; };
		03186A7D2B83D58D0039F399 /* LaunchScreen.storyboard in Resources */ = {isa = PBXBuildFile; fileRef = 03186A7B2B83D58D0039F399 /* LaunchScreen.storyboard */; };
		03DC9DF12B9DF4C80099FD02 /* EndPointType.swift in Sources */ = {isa = PBXBuildFile; fileRef = 03DC9DF02B9DF4C80099FD02 /* EndPointType.swift */; };
/* End PBXBuildFile section */

/* Begin PBXFileReference section */
		03186A6D2B83D58C0039F399 /* Youtube MVVM Products.app */ = {isa = PBXFileReference; explicitFileType = wrapper.application; includeInIndex = 0; path = "Youtube MVVM Products.app"; sourceTree = BUILT_PRODUCTS_DIR; };
		03186A702B83D58C0039F399 /* AppDelegate.swift */ = {isa = PBXFileReference; lastKnownFileType = sourcecode.swift; path = AppDelegate.swift; sourceTree = "<group>"; };
		03186A722B83D58C0039F399 /* SceneDelegate.swift */ = {isa = PBXFileReference; lastKnownFileType = sourcecode.swift; path = SceneDelegate.swift; sourceTree = "<group>"; };
		03186A742B83D58C0039F399 /* ViewController.swift */ = {isa = PBXFileReference; lastKnownFileType = sourcecode.swift; path = ViewController.swift; sourceTree = "<group>"; };
		03186A772B83D58C0039F399 /* Base */ = {isa = PBXFileReference; lastKnownFileType = file.storyboard; name = Base; path = Base.lproj/Main.storyboard; sourceTree = "<group>"; };
		03186A792B83D58D0039F399 /* Assets.xcassets */ = {isa = PBXFileReference; lastKnownFileType = folder.assetcatalog; path = Assets.xcassets; sourceTree = "<group>"; };
		03186A7C2B83D58D0039F399 /* Base */ = {isa = PBXFileReference; lastKnownFileType = file.storyboard; name = Base; path = Base.lproj/LaunchScreen.storyboard; sourceTree = "<group>"; };
		03186A7E2B83D58D0039F399 /* Info.plist */ = {isa = PBXFileReference; lastKnownFileType = text.plist.xml; path = Info.plist; sourceTree = "<group>"; };
		03DC9DF02B9DF4C80099FD02 /* EndPointType.swift */ = {isa = PBXFileReference; lastKnownFileType = sourcecode.swift; path = EndPointType.swift; sourceTree = "<group>"; };
/* End PBXFileReference section */

/* Begin PBXFrameworksBuildPhase section */
		03186A6A2B83D58C0039F399 /* Frameworks */ = {
			isa = PBXFrameworksBuildPhase;
			buildActionMask = 2147483647;
			files = (
			);
			runOnlyForDeploymentPostprocessing = 0;
		};
/* End PBXFrameworksBuildPhase section */

/* Begin PBXGroup section */
		03186A642B83D58C0039F399 = {
			isa = PBXGroup;
			children = (
				03186A6F2B83D58C0039F399 /* Youtube MVVM Products */,
				03186A6E2B83D58C0039F399 /* Products */,
			);
			sourceTree = "<group>";
		};
		03186A6E2B83D58C0039F399 /* Products */ = {
			isa = PBXGroup;
			children = (
				03186A6D2B83D58C0039F399 /* Youtube MVVM Products.app */,
			);
			name = Products;
			sourceTree = "<group>";
		};
		03186A6F2B83D58C0039F399 /* Youtube MVVM Products */ = {
			isa = PBXGroup;
			children = (
				03DC9DEE2B9DF4210099FD02 /* Application */,
				03DC9DED2B9DF41D0099FD02 /* Constant */,
				03DC9DEC2B9DF4190099FD02 /* Extensions */,
				03DC9DEB2B9DF4100099FD02 /* Utility */,
				03DC9DEA2B9DF40C0099FD02 /* Helper */,
				03DC9DE92B9DF4070099FD02 /* Screens */,
				03DC9DE82B9DF4030099FD02 /* Storyboard */,
				03DC9DEF2B9DF48A0099FD02 /* Resources */,
				03186A702B83D58C0039F399 /* AppDelegate.swift */,
				03186A722B83D58C0039F399 /* SceneDelegate.swift */,
				03186A742B83D58C0039F399 /* ViewController.swift */,
				03186A762B83D58C0039F399 /* Main.storyboard */,
				03186A792B83D58D0039F399 /* Assets.xcassets */,
				03186A7B2B83D58D0039F399 /* LaunchScreen.storyboard */,
				03186A7E2B83D58D0039F399 /* Info.plist */,
			);
			path = "Youtube MVVM Products";
			sourceTree = "<group>";
		};
		03DC9DE82B9DF4030099FD02 /* Storyboard */ = {
			isa = PBXGroup;
			children = (
			);
			path = Storyboard;
			sourceTree = "<group>";
		};
		03DC9DE92B9DF4070099FD02 /* Screens */ = {
			isa = PBXGroup;
			children = (
			);
			path = Screens;
			sourceTree = "<group>";
		};
		03DC9DEA2B9DF40C0099FD02 /* Helper */ = {
			isa = PBXGroup;
			children = (
			);
			path = Helper;
			sourceTree = "<group>";
		};
		03DC9DEB2B9DF4100099FD02 /* Utility */ = {
			isa = PBXGroup;
			children = (
				03DC9DF02B9DF4C80099FD02 /* EndPointType.swift */,
			);
			path = Utility;
			sourceTree = "<group>";
		};
		03DC9DEC2B9DF4190099FD02 /* Extensions */ = {
			isa = PBXGroup;
			children = (
			);
			path = Extensions;
			sourceTree = "<group>";
		};
		03DC9DED2B9DF41D0099FD02 /* Constant */ = {
			isa = PBXGroup;
			children = (
			);
			path = Constant;
			sourceTree = "<group>";
		};
		03DC9DEE2B9DF4210099FD02 /* Application */ = {
			isa = PBXGroup;
			children = (
			);
			path = Application;
			sourceTree = "<group>";
		};
		03DC9DEF2B9DF48A0099FD02 /* Resources */ = {
			isa = PBXGroup;
			children = (
			);
			path = Resources;
			sourceTree = "<group>";
		};
/* End PBXGroup section */

/* Begin PBXNativeTarget section */
		03186A6C2B83D58C0039F399 /* Youtube MVVM Products */ = {
			isa = PBXNativeTarget;
			buildConfigurationList = 03186A812B83D58D0039F399 /* Build configuration list for PBXNativeTarget "Youtube MVVM Products" */;
			buildPhases = (
				03186A692B83D58C0039F399 /* Sources */,
				03186A6A2B83D58C0039F399 /* Frameworks */,
				03186A6B2B83D58C0039F399 /* Resources */,
			);
			buildRules = (
			);
			dependencies = (
			);
			name = "Youtube MVVM Products";
			productName = "Youtube MVVM Products";
			productReference = 03186A6D2B83D58C0039F399 /* Youtube MVVM Products.app */;
			productType = "com.apple.product-type.application";
		};
/* End PBXNativeTarget section */

/* Begin PBXProject section */
		03186A652B83D58C0039F399 /* Project object */ = {
			isa = PBXProject;
			attributes = {
				BuildIndependentTargetsInParallel = 1;
				LastSwiftUpdateCheck = 1500;
				LastUpgradeCheck = 1500;
				TargetAttributes = {
					03186A6C2B83D58C0039F399 = {
						CreatedOnToolsVersion = 15.0;
					};
				};
			};
			buildConfigurationList = 03186A682B83D58C0039F399 /* Build configuration list for PBXProject "Youtube MVVM Products" */;
			compatibilityVersion = "Xcode 14.0";
			developmentRegion = en;
			hasScannedForEncodings = 0;
			knownRegions = (
				en,
				Base,
			);
			mainGroup = 03186A642B83D58C0039F399;
			productRefGroup = 03186A6E2B83D58C0039F399 /* Products */;
			projectDirPath = "";
			projectRoot = "";
			targets = (
				03186A6C2B83D58C0039F399 /* Youtube MVVM Products */,
			);
		};
/* End PBXProject section */

/* Begin PBXResourcesBuildPhase section */
		03186A6B2B83D58C0039F399 /* Resources */ = {
			isa = PBXResourcesBuildPhase;
			buildActionMask = 2147483647;
			files = (
				03186A7D2B83D58D0039F399 /* LaunchScreen.storyboard in Resources */,
				03186A7A2B83D58D0039F399 /* Assets.xcassets in Resources */,
				03186A782B83D58C0039F399 /* Main.storyboard in Resources */,
			);
			runOnlyForDeploymentPostprocessing = 0;
		};
/* End PBXResourcesBuildPhase section */

/* Begin PBXSourcesBuildPhase section */
		03186A692B83D58C0039F399 /* Sources */ = {
			isa = PBXSourcesBuildPhase;
			buildActionMask = 2147483647;
			files = (
				03DC9DF12B9DF4C80099FD02 /* EndPointType.swift in Sources */,
				03186A752B83D58C0039F399 /* ViewController.swift in Sources */,
				03186A712B83D58C0039F399 /* AppDelegate.swift in Sources */,
				03186A732B83D58C0039F399 /* SceneDelegate.swift in Sources */,
			);
			runOnlyForDeploymentPostprocessing = 0;
		};
/* End PBXSourcesBuildPhase section */

/* Begin PBXVariantGroup section */
		03186A762B83D58C0039F399 /* Main.storyboard */ = {
			isa = PBXVariantGroup;
			children = (
				03186A772B83D58C0039F399 /* Base */,
			);
			name = Main.storyboard;
			sourceTree = "<group>";
		};
		03186A7B2B83D58D0039F399 /* LaunchScreen.storyboard */ = {
			isa = PBXVariantGroup;
			children = (
				03186A7C2B83D58D0039F399 /* Base */,
			);
			name = LaunchScreen.storyboard;
			sourceTree = "<group>";
		};
/* End PBXVariantGroup section */

/* Begin XCBuildConfiguration section */
		03186A7F2B83D58D0039F399 /* Debug */ = {
			isa = XCBuildConfiguration;
			buildSettings = {
				ALWAYS_SEARCH_USER_PATHS = NO;
				ASSETCATALOG_COMPILER_GENERATE_SWIFT_ASSET_SYMBOL_EXTENSIONS = YES;
				CLANG_ANALYZER_NONNULL = YES;
				CLANG_ANALYZER_NUMBER_OBJECT_CONVERSION = YES_AGGRESSIVE;
				CLANG_CXX_LANGUAGE_STANDARD = "gnu++20";
				CLANG_ENABLE_MODULES = YES;
				CLANG_ENABLE_OBJC_ARC = YES;
				CLANG_ENABLE_OBJC_WEAK = YES;
				CLANG_WARN_BLOCK_CAPTURE_AUTORELEASING = YES;
				CLANG_WARN_BOOL_CONVERSION = YES;
				CLANG_WARN_COMMA = YES;
				CLANG_WARN_CONSTANT_CONVERSION = YES;
				CLANG_WARN_DEPRECATED_OBJC_IMPLEMENTATIONS = YES;
				CLANG_WARN_DIRECT_OBJC_ISA_USAGE = YES_ERROR;
				CLANG_WARN_DOCUMENTATION_COMMENTS = YES;
				CLANG_WARN_EMPTY_BODY = YES;
				CLANG_WARN_ENUM_CONVERSION = YES;
				CLANG_WARN_INFINITE_RECURSION = YES;
				CLANG_WARN_INT_CONVERSION = YES;
				CLANG_WARN_NON_LITERAL_NULL_CONVERSION = YES;
				CLANG_WARN_OBJC_IMPLICIT_RETAIN_SELF = YES;
				CLANG_WARN_OBJC_LITERAL_CONVERSION = YES;
				CLANG_WARN_OBJC_ROOT_CLASS = YES_ERROR;
				CLANG_WARN_QUOTED_INCLUDE_IN_FRAMEWORK_HEADER = YES;
				CLANG_WARN_RANGE_LOOP_ANALYSIS = YES;
				CLANG_WARN_STRICT_PROTOTYPES = YES;
				CLANG_WARN_SUSPICIOUS_MOVE = YES;
				CLANG_WARN_UNGUARDED_AVAILABILITY = YES_AGGRESSIVE;
				CLANG_WARN_UNREACHABLE_CODE = YES;
				CLANG_WARN__DUPLICATE_METHOD_MATCH = YES;
				COPY_PHASE_STRIP = NO;
				DEBUG_INFORMATION_FORMAT = dwarf;
				ENABLE_STRICT_OBJC_MSGSEND = YES;
				ENABLE_TESTABILITY = YES;
				ENABLE_USER_SCRIPT_SANDBOXING = YES;
				GCC_C_LANGUAGE_STANDARD = gnu17;
				GCC_DYNAMIC_NO_PIC = NO;
				GCC_NO_COMMON_BLOCKS = YES;
				GCC_OPTIMIZATION_LEVEL = 0;
				GCC_PREPROCESSOR_DEFINITIONS = (
					"DEBUG=1",
					"$(inherited)",
				);
				GCC_WARN_64_TO_32_BIT_CONVERSION = YES;
				GCC_WARN_ABOUT_RETURN_TYPE = YES_ERROR;
				GCC_WARN_UNDECLARED_SELECTOR = YES;
				GCC_WARN_UNINITIALIZED_AUTOS = YES_AGGRESSIVE;
				GCC_WARN_UNUSED_FUNCTION = YES;
				GCC_WARN_UNUSED_VARIABLE = YES;
				IPHONEOS_DEPLOYMENT_TARGET = 17.0;
				LOCALIZATION_PREFERS_STRING_CATALOGS = YES;
				MTL_ENABLE_DEBUG_INFO = INCLUDE_SOURCE;
				MTL_FAST_MATH = YES;
				ONLY_ACTIVE_ARCH = YES;
				SDKROOT = iphoneos;
				SWIFT_ACTIVE_COMPILATION_CONDITIONS = "DEBUG $(inherited)";
				SWIFT_OPTIMIZATION_LEVEL = "-Onone";
			};
			name = Debug;
		};
		03186A802B83D58D0039F399 /* Release */ = {
			isa = XCBuildConfiguration;
			buildSettings = {
				ALWAYS_SEARCH_USER_PATHS = NO;
				ASSETCATALOG_COMPILER_GENERATE_SWIFT_ASSET_SYMBOL_EXTENSIONS = YES;
				CLANG_ANALYZER_NONNULL = YES;
				CLANG_ANALYZER_NUMBER_OBJECT_CONVERSION = YES_AGGRESSIVE;
				CLANG_CXX_LANGUAGE_STANDARD = "gnu++20";
				CLANG_ENABLE_MODULES = YES;
				CLANG_ENABLE_OBJC_ARC = YES;
				CLANG_ENABLE_OBJC_WEAK = YES;
				CLANG_WARN_BLOCK_CAPTURE_AUTORELEASING = YES;
				CLANG_WARN_BOOL_CONVERSION = YES;
				CLANG_WARN_COMMA = YES;
				CLANG_WARN_CONSTANT_CONVERSION = YES;
				CLANG_WARN_DEPRECATED_OBJC_IMPLEMENTATIONS = YES;
				CLANG_WARN_DIRECT_OBJC_ISA_USAGE = YES_ERROR;
				CLANG_WARN_DOCUMENTATION_COMMENTS = YES;
				CLANG_WARN_EMPTY_BODY = YES;
				CLANG_WARN_ENUM_CONVERSION = YES;
				CLANG_WARN_INFINITE_RECURSION = YES;
				CLANG_WARN_INT_CONVERSION = YES;
				CLANG_WARN_NON_LITERAL_NULL_CONVERSION = YES;
				CLANG_WARN_OBJC_IMPLICIT_RETAIN_SELF = YES;
				CLANG_WARN_OBJC_LITERAL_CONVERSION = YES;
				CLANG_WARN_OBJC_ROOT_CLASS = YES_ERROR;
				CLANG_WARN_QUOTED_INCLUDE_IN_FRAMEWORK_HEADER = YES;
				CLANG_WARN_RANGE_LOOP_ANALYSIS = YES;
				CLANG_WARN_STRICT_PROTOTYPES = YES;
				CLANG_WARN_SUSPICIOUS_MOVE = YES;
				CLANG_WARN_UNGUARDED_AVAILABILITY = YES_AGGRESSIVE;
				CLANG_WARN_UNREACHABLE_CODE = YES;
				CLANG_WARN__DUPLICATE_METHOD_MATCH = YES;
				COPY_PHASE_STRIP = NO;
				DEBUG_INFORMATION_FORMAT = "dwarf-with-dsym";
				ENABLE_NS_ASSERTIONS = NO;
				ENABLE_STRICT_OBJC_MSGSEND = YES;
				ENABLE_USER_SCRIPT_SANDBOXING = YES;
				GCC_C_LANGUAGE_STANDARD = gnu17;
				GCC_NO_COMMON_BLOCKS = YES;
				GCC_WARN_64_TO_32_BIT_CONVERSION = YES;
				GCC_WARN_ABOUT_RETURN_TYPE = YES_ERROR;
				GCC_WARN_UNDECLARED_SELECTOR = YES;
				GCC_WARN_UNINITIALIZED_AUTOS = YES_AGGRESSIVE;
				GCC_WARN_UNUSED_FUNCTION = YES;
				GCC_WARN_UNUSED_VARIABLE = YES;
				IPHONEOS_DEPLOYMENT_TARGET = 17.0;
				LOCALIZATION_PREFERS_STRING_CATALOGS = YES;
				MTL_ENABLE_DEBUG_INFO = NO;
				MTL_FAST_MATH = YES;
				SDKROOT = iphoneos;
				SWIFT_COMPILATION_MODE = wholemodule;
				VALIDATE_PRODUCT = YES;
			};
			name = Release;
		};
		03186A822B83D58D0039F399 /* Debug */ = {
			isa = XCBuildConfiguration;
			buildSettings = {
				ASSETCATALOG_COMPILER_APPICON_NAME = AppIcon;
				ASSETCATALOG_COMPILER_GLOBAL_ACCENT_COLOR_NAME = AccentColor;
				CODE_SIGN_STYLE = Automatic;
				CURRENT_PROJECT_VERSION = 1;
				DEVELOPMENT_TEAM = LG326N5GCW;
				GENERATE_INFOPLIST_FILE = YES;
				INFOPLIST_FILE = "Youtube MVVM Products/Info.plist";
				INFOPLIST_KEY_UIApplicationSupportsIndirectInputEvents = YES;
				INFOPLIST_KEY_UILaunchStoryboardName = LaunchScreen;
				INFOPLIST_KEY_UIMainStoryboardFile = Main;
				INFOPLIST_KEY_UISupportedInterfaceOrientations_iPad = "UIInterfaceOrientationPortrait UIInterfaceOrientationPortraitUpsideDown UIInterfaceOrientationLandscapeLeft UIInterfaceOrientationLandscapeRight";
				INFOPLIST_KEY_UISupportedInterfaceOrientations_iPhone = "UIInterfaceOrientationPortrait UIInterfaceOrientationLandscapeLeft UIInterfaceOrientationLandscapeRight";
				LD_RUNPATH_SEARCH_PATHS = (
					"$(inherited)",
					"@executable_path/Frameworks",
				);
				MARKETING_VERSION = 1.0;
				PRODUCT_BUNDLE_IDENTIFIER = "com.demo.Youtube-MVVM-Products";
				PRODUCT_NAME = "$(TARGET_NAME)";
				SWIFT_EMIT_LOC_STRINGS = YES;
				SWIFT_VERSION = 5.0;
				TARGETED_DEVICE_FAMILY = "1,2";
			};
			name = Debug;
		};
		03186A832B83D58D0039F399 /* Release */ = {
			isa = XCBuildConfiguration;
			buildSettings = {
				ASSETCATALOG_COMPILER_APPICON_NAME = AppIcon;
				ASSETCATALOG_COMPILER_GLOBAL_ACCENT_COLOR_NAME = AccentColor;
				CODE_SIGN_STYLE = Automatic;
				CURRENT_PROJECT_VERSION = 1;
				DEVELOPMENT_TEAM = LG326N5GCW;
				GENERATE_INFOPLIST_FILE = YES;
				INFOPLIST_FILE = "Youtube MVVM Products/Info.plist";
				INFOPLIST_KEY_UIApplicationSupportsIndirectInputEvents = YES;
				INFOPLIST_KEY_UILaunchStoryboardName = LaunchScreen;
				INFOPLIST_KEY_UIMainStoryboardFile = Main;
				INFOPLIST_KEY_UISupportedInterfaceOrientations_iPad = "UIInterfaceOrientationPortrait UIInterfaceOrientationPortraitUpsideDown UIInterfaceOrientationLandscapeLeft UIInterfaceOrientationLandscapeRight";
				INFOPLIST_KEY_UISupportedInterfaceOrientations_iPhone = "UIInterfaceOrientationPortrait UIInterfaceOrientationLandscapeLeft UIInterfaceOrientationLandscapeRight";
				LD_RUNPATH_SEARCH_PATHS = (
					"$(inherited)",
					"@executable_path/Frameworks",
				);
				MARKETING_VERSION = 1.0;
				PRODUCT_BUNDLE_IDENTIFIER = "com.demo.Youtube-MVVM-Products";
				PRODUCT_NAME = "$(TARGET_NAME)";
				SWIFT_EMIT_LOC_STRINGS = YES;
				SWIFT_VERSION = 5.0;
				TARGETED_DEVICE_FAMILY = "1,2";
			};
			name = Release;
		};
/* End XCBuildConfiguration section */

/* Begin XCConfigurationList section */
		03186A682B83D58C0039F399 /* Build configuration list for PBXProject "Youtube MVVM Products" */ = {
			isa = XCConfigurationList;
			buildConfigurations = (
				03186A7F2B83D58D0039F399 /* Debug */,
				03186A802B83D58D0039F399 /* Release */,
			);
			defaultConfigurationIsVisible = 0;
			defaultConfigurationName = Release;
		};
		03186A812B83D58D0039F399 /* Build configuration list for PBXNativeTarget "Youtube MVVM Products" */ = {
			isa = XCConfigurationList;
			buildConfigurations = (
				03186A822B83D58D0039F399 /* Debug */,
				03186A832B83D58D0039F399 /* Release */,
			);
			defaultConfigurationIsVisible = 0;
			defaultConfigurationName = Release;
		};
/* End XCConfigurationList section */
	};
	rootObject = 03186A652B83D58C0039F399 /* Project object */;
}
